<?xml version="1.0" encoding="UTF-8"?>
<CONFIG>
  <ProjectOptions>
    <Version Value="9"/>
    <PathDelim Value="\"/>
    <General>
      <SessionStorage Value="InProjectDir"/>
      <MainUnit Value="0"/>
      <Title Value="GVLOGO"/>
      <ResourceType Value="res"/>
      <UseXPManifest Value="True"/>
      <Icon Value="0"/>
    </General>
    <i18n>
      <EnableI18N LFM="False"/>
    </i18n>
    <VersionInfo>
      <UseVersionInfo Value="True"/>
      <AutoIncrementBuild Value="True"/>
      <MajorVersionNr Value="1"/>
      <BuildNr Value="163"/>
      <Language Value="040C"/>
      <StringTable CompanyName="GVSOFT" FileDescription="langage GVLOGO" InternalName="GVLOGO" LegalCopyright="Gilles Vasseur 2014-2015" LegalTrademarks="GNU GPL" OriginalFilename="GVLOGO.PAS" ProductName="GVLOGO" ProductVersion="1.0.0"/>
    </VersionInfo>
    <BuildModes Count="1">
      <Item1 Name="Default" Default="True"/>
    </BuildModes>
    <PublishOptions>
      <Version Value="2"/>
    </PublishOptions>
    <RunParams>
      <local>
        <FormatVersion Value="1"/>
      </local>
    </RunParams>
    <RequiredPackages Count="6">
      <Item1>
        <PackageName Value="bgracontrols"/>
      </Item1>
      <Item2>
        <PackageName Value="richmemopackage"/>
      </Item2>
      <Item3>
        <PackageName Value="SynEdit"/>
      </Item3>
      <Item4>
        <PackageName Value="CodeTools"/>
      </Item4>
      <Item5>
        <PackageName Value="BGRABitmapPack"/>
      </Item5>
      <Item6>
        <PackageName Value="LCL"/>
      </Item6>
    </RequiredPackages>
    <Units Count="37">
      <Unit0>
        <Filename Value="GVLOGO.lpr"/>
        <IsPartOfProject Value="True"/>
        <UnitName Value="GVLOGO"/>
      </Unit0>
      <Unit1>
        <Filename Value="main.pas"/>
        <IsPartOfProject Value="True"/>
        <ComponentName Value="MainForm"/>
        <HasResources Value="True"/>
        <ResourceBaseClass Value="Form"/>
        <UnitName Value="main"/>
      </Unit1>
      <Unit2>
        <Filename Value="frmturtle.pas"/>
        <IsPartOfProject Value="True"/>
        <ComponentName Value="TurtleForm"/>
        <HasResources Value="True"/>
        <ResourceBaseClass Value="Form"/>
        <UnitName Value="FrmTurtle"/>
      </Unit2>
      <Unit3>
        <Filename Value="..\units\GVAutomat.pas"/>
        <IsPartOfProject Value="True"/>
        <UnitName Value="GVAutomat"/>
      </Unit3>
      <Unit4>
        <Filename Value="..\units\GVConsts.pas"/>
        <IsPartOfProject Value="True"/>
        <UnitName Value="GVConsts"/>
      </Unit4>
      <Unit5>
        <Filename Value="..\units\GVDefines.inc"/>
        <IsPartOfProject Value="True"/>
      </Unit5>
      <Unit6>
        <Filename Value="..\units\GVErrConsts.pas"/>
        <IsPartOfProject Value="True"/>
        <UnitName Value="GVErrConsts"/>
      </Unit6>
      <Unit7>
        <Filename Value="..\units\GVErrors.pas"/>
        <IsPartOfProject Value="True"/>
        <UnitName Value="GVErrors"/>
      </Unit7>
      <Unit8>
        <Filename Value="..\units\GVEval.pas"/>
        <IsPartOfProject Value="True"/>
        <UnitName Value="GVEval"/>
      </Unit8>
      <Unit9>
        <Filename Value="..\units\GVKernel.pas"/>
        <IsPartOfProject Value="True"/>
        <UnitName Value="GVKernel"/>
      </Unit9>
      <Unit10>
        <Filename Value="..\units\GVLists.pas"/>
        <IsPartOfProject Value="True"/>
        <UnitName Value="GVLists"/>
      </Unit10>
      <Unit11>
        <Filename Value="..\units\GVLocVars.pas"/>
        <IsPartOfProject Value="True"/>
        <UnitName Value="GVLocVars"/>
      </Unit11>
      <Unit12>
        <Filename Value="..\units\GVPrimConsts.pas"/>
        <IsPartOfProject Value="True"/>
        <UnitName Value="GVPrimConsts"/>
      </Unit12>
      <Unit13>
        <Filename Value="..\units\GVPropLists.pas"/>
        <IsPartOfProject Value="True"/>
        <UnitName Value="GVPropLists"/>
      </Unit13>
      <Unit14>
        <Filename Value="..\units\GVStacks.pas"/>
        <IsPartOfProject Value="True"/>
        <UnitName Value="GVStacks"/>
      </Unit14>
      <Unit15>
        <Filename Value="..\units\GVTurtles.pas"/>
        <IsPartOfProject Value="True"/>
        <UnitName Value="GVTurtles"/>
      </Unit15>
      <Unit16>
        <Filename Value="..\units\GVWords.pas"/>
        <IsPartOfProject Value="True"/>
        <UnitName Value="GVWords"/>
      </Unit16>
      <Unit17>
        <Filename Value="..\units\Prims.inc"/>
        <IsPartOfProject Value="True"/>
      </Unit17>
      <Unit18>
        <Filename Value="frmabout.pas"/>
        <IsPartOfProject Value="True"/>
        <ComponentName Value="AboutForm"/>
        <HasResources Value="True"/>
        <ResourceBaseClass Value="Form"/>
        <UnitName Value="FrmAbout"/>
      </Unit18>
      <Unit19>
        <Filename Value="frmerror.pas"/>
        <IsPartOfProject Value="True"/>
        <ComponentName Value="ErrorForm"/>
        <HasResources Value="True"/>
        <ResourceBaseClass Value="Form"/>
        <UnitName Value="FrmError"/>
      </Unit19>
      <Unit20>
        <Filename Value="frmtext.pas"/>
        <IsPartOfProject Value="True"/>
        <ComponentName Value="TextForm"/>
        <HasResources Value="True"/>
        <ResourceBaseClass Value="Form"/>
        <UnitName Value="FrmText"/>
      </Unit20>
      <Unit21>
        <Filename Value="frmedit.pas"/>
        <IsPartOfProject Value="True"/>
        <ComponentName Value="EditForm"/>
        <HasResources Value="True"/>
        <ResourceBaseClass Value="Form"/>
        <UnitName Value="FrmEdit"/>
      </Unit21>
      <Unit22>
        <Filename Value="frminfo.pas"/>
        <IsPartOfProject Value="True"/>
        <ComponentName Value="InfoForm"/>
        <HasResources Value="True"/>
        <ResourceBaseClass Value="Form"/>
        <UnitName Value="FrmInfo"/>
      </Unit22>
      <Unit23>
        <Filename Value="frmprocs.pas"/>
        <IsPartOfProject Value="True"/>
        <ComponentName Value="ProcsForm"/>
        <HasResources Value="True"/>
        <ResourceBaseClass Value="Form"/>
        <UnitName Value="FrmProcs"/>
      </Unit23>
      <Unit24>
        <Filename Value="..\units\GVHighlighter.pas"/>
        <IsPartOfProject Value="True"/>
        <UnitName Value="GVHighlighter"/>
      </Unit24>
      <Unit25>
        <Filename Value="..\units\GVLogoConsts.pas"/>
        <IsPartOfProject Value="True"/>
        <UnitName Value="GVLogoConsts"/>
      </Unit25>
      <Unit26>
        <Filename Value="frmeditor.pas"/>
        <IsPartOfProject Value="True"/>
        <ComponentName Value="EditorForm"/>
        <HasResources Value="True"/>
        <ResourceBaseClass Value="Form"/>
        <UnitName Value="FrmEditor"/>
      </Unit26>
      <Unit27>
        <Filename Value="frmfind.pas"/>
        <IsPartOfProject Value="True"/>
        <ComponentName Value="FindForm"/>
        <HasResources Value="True"/>
        <ResourceBaseClass Value="Form"/>
        <UnitName Value="FrmFind"/>
      </Unit27>
      <Unit28>
        <Filename Value="frmphelpprims.pas"/>
        <IsPartOfProject Value="True"/>
        <ComponentName Value="PrimsHelpForm"/>
        <HasResources Value="True"/>
        <ResourceBaseClass Value="Form"/>
        <UnitName Value="FrmpHelpPrims"/>
      </Unit28>
      <Unit29>
        <Filename Value="frmfollow.pas"/>
        <IsPartOfProject Value="True"/>
        <ComponentName Value="FollowForm"/>
        <HasResources Value="True"/>
        <ResourceBaseClass Value="Form"/>
        <UnitName Value="FrmFollow"/>
      </Unit29>
      <Unit30>
        <Filename Value="frmdump.pas"/>
        <IsPartOfProject Value="True"/>
        <ComponentName Value="DumpForm"/>
        <HasResources Value="True"/>
        <ResourceBaseClass Value="Form"/>
        <UnitName Value="FrmDump"/>
      </Unit30>
      <Unit31>
        <Filename Value="frmvars.pas"/>
        <IsPartOfProject Value="True"/>
        <ComponentName Value="VarsForm"/>
        <HasResources Value="True"/>
        <ResourceBaseClass Value="Form"/>
        <UnitName Value="FrmVars"/>
      </Unit31>
      <Unit32>
        <Filename Value="frmlocvars.pas"/>
        <IsPartOfProject Value="True"/>
        <ComponentName Value="LocVarsForm"/>
        <HasResources Value="True"/>
        <ResourceBaseClass Value="Form"/>
        <UnitName Value="FrmLocVars"/>
      </Unit32>
      <Unit33>
        <Filename Value="frmpcks.pas"/>
        <IsPartOfProject Value="True"/>
        <ComponentName Value="PcksForm"/>
        <ResourceBaseClass Value="Form"/>
        <UnitName Value="FrmPcks"/>
      </Unit33>
      <Unit34>
        <Filename Value="frmnewproc.pas"/>
        <IsPartOfProject Value="True"/>
        <ComponentName Value="NewProcForm"/>
        <HasResources Value="True"/>
        <ResourceBaseClass Value="Form"/>
        <UnitName Value="FrmNewProc"/>
      </Unit34>
      <Unit35>
        <Filename Value="frmoptions.pas"/>
        <IsPartOfProject Value="True"/>
        <ComponentName Value="OptionsForm"/>
        <HasResources Value="True"/>
        <ResourceBaseClass Value="Form"/>
        <UnitName Value="FrmOptions"/>
      </Unit35>
      <Unit36>
        <Filename Value="frmturtleshow.pas"/>
        <IsPartOfProject Value="True"/>
        <ComponentName Value="TurtleShowForm"/>
        <HasResources Value="True"/>
        <ResourceBaseClass Value="Form"/>
        <UnitName Value="FrmTurtleShow"/>
      </Unit36>
    </Units>
  </ProjectOptions>
  <CompilerOptions>
    <Version Value="11"/>
    <PathDelim Value="\"/>
    <Target>
      <Filename Value="GVLOGO"/>
    </Target>
    <SearchPaths>
      <IncludeFiles Value="$(ProjOutDir);..\..\units;..\units"/>
      <OtherUnitFiles Value="..\..\units;..\units"/>
      <UnitOutputDirectory Value="lib\$(TargetCPU)-$(TargetOS)"/>
    </SearchPaths>
    <CodeGeneration>
      <SmartLinkUnit Value="True"/>
      <Optimizations>
        <OptimizationLevel Value="3"/>
      </Optimizations>
    </CodeGeneration>
    <Linking>
      <Debugging>
        <GenerateDebugInfo Value="False"/>
      </Debugging>
      <LinkSmart Value="True"/>
      <Options>
        <Win32>
          <GraphicApplication Value="True"/>
        </Win32>
      </Options>
    </Linking>
    <Other>
      <CompilerMessages>
        <MsgFileName Value=""/>
      </CompilerMessages>
      <CompilerPath Value="$(CompPath)"/>
    </Other>
  </CompilerOptions>
  <Debugging>
    <Exceptions Count="3">
      <Item1>
        <Name Value="EAbort"/>
      </Item1>
      <Item2>
        <Name Value="ECodetoolError"/>
      </Item2>
      <Item3>
        <Name Value="EFOpenError"/>
      </Item3>
    </Exceptions>
  </Debugging>
</CONFIG>
